
Microsoft Visual Studio Solution File, Format Version 12.00
# Visual Studio Version 16
VisualStudioVersion = 16.0.31424.327
MinimumVisualStudioVersion = 10.0.40219.1
Project("{FAE04EC0-301F-11D3-BF4B-00C04F79EFBC}") = "Data", "ClassLibrary1\Data.csproj", "{C29316C5-E2DF-4A24-8299-F6F21CA85CF9}"
EndProject
Project("{FAE04EC0-301F-11D3-BF4B-00C04F79EFBC}") = "WebView", "WebView\WebView.csproj", "{54A69CC1-2A48-47BA-AF8F-576CFA4EFBD5}"
EndProject
Global
	GlobalSection(SolutionConfigurationPlatforms) = preSolution
		Debug|Any CPU = Debug|Any CPU
		Release|Any CPU = Release|Any CPU
	EndGlobalSection
	GlobalSection(ProjectConfigurationPlatforms) = postSolution
		{C29316C5-E2DF-4A24-8299-F6F21CA85CF9}.Debug|Any CPU.ActiveCfg = Debug|Any CPU
		{C29316C5-E2DF-4A24-8299-F6F21CA85CF9}.Debug|Any CPU.Build.0 = Debug|Any CPU
		{C29316C5-E2DF-4A24-8299-F6F21CA85CF9}.Release|Any CPU.ActiveCfg = Release|Any CPU
		{C29316C5-E2DF-4A24-8299-F6F21CA85CF9}.Release|Any CPU.Build.0 = Release|Any CPU
		{54A69CC1-2A48-47BA-AF8F-576CFA4EFBD5}.Debug|Any CPU.ActiveCfg = Debug|Any CPU
		{54A69CC1-2A48-47BA-AF8F-576CFA4EFBD5}.Debug|Any CPU.Build.0 = Debug|Any CPU
		{54A69CC1-2A48-47BA-AF8F-576CFA4EFBD5}.Release|Any CPU.ActiveCfg = Release|Any CPU
		{54A69CC1-2A48-47BA-AF8F-576CFA4EFBD5}.Release|Any CPU.Build.0 = Release|Any CPU
	EndGlobalSection
	GlobalSection(SolutionProperties) = preSolution
		HideSolutionNode = FALSE
	EndGlobalSection
	GlobalSection(ExtensibilityGlobals) = postSolution
		SolutionGuid = {7DA16613-1B35-4348-A5B8-3F545D42A70D}
	EndGlobalSection
EndGlobal
